
Microsoft Visual Studio Solution File, Format Version 12.00
# Visual Studio 14
VisualStudioVersion = 14.0.25420.1
MinimumVisualStudioVersion = 10.0.40219.1
Project("{FAE04EC0-301F-11D3-BF4B-00C04F79EFBC}") = "RefPrototypeAPI_v5", "RefPrototypeAPI_v5\RefPrototypeAPI_v5.csproj", "{1468553D-E039-40A8-8BB5-7DF29ED7F783}"
EndProject
Project("{FAE04EC0-301F-11D3-BF4B-00C04F79EFBC}") = "WebApplication1", "WebApplication1\WebApplication1.csproj", "{ECCFA432-D9FA-42B2-A389-EB31B15E2F5E}"
EndProject
Global
	GlobalSection(SolutionConfigurationPlatforms) = preSolution
		Debug|Any CPU = Debug|Any CPU
		Release|Any CPU = Release|Any CPU
	EndGlobalSection
	GlobalSection(ProjectConfigurationPlatforms) = postSolution
		{1468553D-E039-40A8-8BB5-7DF29ED7F783}.Debug|Any CPU.ActiveCfg = Debug|Any CPU
		{1468553D-E039-40A8-8BB5-7DF29ED7F783}.Debug|Any CPU.Build.0 = Debug|Any CPU
		{1468553D-E039-40A8-8BB5-7DF29ED7F783}.Release|Any CPU.ActiveCfg = Release|Any CPU
		{1468553D-E039-40A8-8BB5-7DF29ED7F783}.Release|Any CPU.Build.0 = Release|Any CPU
		{ECCFA432-D9FA-42B2-A389-EB31B15E2F5E}.Debug|Any CPU.ActiveCfg = Debug|Any CPU
		{ECCFA432-D9FA-42B2-A389-EB31B15E2F5E}.Debug|Any CPU.Build.0 = Debug|Any CPU
		{ECCFA432-D9FA-42B2-A389-EB31B15E2F5E}.Release|Any CPU.ActiveCfg = Release|Any CPU
		{ECCFA432-D9FA-42B2-A389-EB31B15E2F5E}.Release|Any CPU.Build.0 = Release|Any CPU
	EndGlobalSection
	GlobalSection(SolutionProperties) = preSolution
		HideSolutionNode = FALSE
	EndGlobalSection
EndGlobal
